
Microsoft Visual Studio Solution File, Format Version 12.00
# Visual Studio Version 16
VisualStudioVersion = 16.0.28803.156
MinimumVisualStudioVersion = 10.0.40219.1
Project("{2150E333-8FDC-42A3-9474-1A3956D46DE8}") = "Solution Items", "Solution Items", "{F91BE692-5A00-40EC-96C4-74EBD6FA8EC0}"
	ProjectSection(SolutionItems) = preProject
		Readme.md = Readme.md
	EndProjectSection
EndProject
Project("{9A19103F-16F7-4668-BE54-9A1E7A4F7556}") = "Marktek.Fluent.Testing.Engine", "Engine\Marktek.Fluent.Testing.Engine.csproj", "{758ED5D9-4835-4D87-8DE7-CABD13BB840E}"
EndProject
Project("{FAE04EC0-301F-11D3-BF4B-00C04F79EFBC}") = "Marktek.Fluent.Testing.Engine.Tests", "Marktek.Fluent.Testing.Engine.Tests\Marktek.Fluent.Testing.Engine.Tests.csproj", "{A08313F6-57E8-42EE-BA69-03C759D56416}"
EndProject
Global
	GlobalSection(SolutionConfigurationPlatforms) = preSolution
		Debug|Any CPU = Debug|Any CPU
		Release|Any CPU = Release|Any CPU
	EndGlobalSection
	GlobalSection(ProjectConfigurationPlatforms) = postSolution
		{758ED5D9-4835-4D87-8DE7-CABD13BB840E}.Debug|Any CPU.ActiveCfg = Debug|Any CPU
		{758ED5D9-4835-4D87-8DE7-CABD13BB840E}.Debug|Any CPU.Build.0 = Debug|Any CPU
		{758ED5D9-4835-4D87-8DE7-CABD13BB840E}.Release|Any CPU.ActiveCfg = Release|Any CPU
		{758ED5D9-4835-4D87-8DE7-CABD13BB840E}.Release|Any CPU.Build.0 = Release|Any CPU
		{A08313F6-57E8-42EE-BA69-03C759D56416}.Debug|Any CPU.ActiveCfg = Debug|Any CPU
		{A08313F6-57E8-42EE-BA69-03C759D56416}.Debug|Any CPU.Build.0 = Debug|Any CPU
		{A08313F6-57E8-42EE-BA69-03C759D56416}.Release|Any CPU.ActiveCfg = Release|Any CPU
		{A08313F6-57E8-42EE-BA69-03C759D56416}.Release|Any CPU.Build.0 = Release|Any CPU
	EndGlobalSection
	GlobalSection(SolutionProperties) = preSolution
		HideSolutionNode = FALSE
	EndGlobalSection
	GlobalSection(ExtensibilityGlobals) = postSolution
		SolutionGuid = {A13D4E99-90C5-4203-8AA0-F78B0C0EEE6E}
	EndGlobalSection
EndGlobal
