
Microsoft Visual Studio Solution File, Format Version 12.00
# Visual Studio Version 16
VisualStudioVersion = 16.0.28803.156
MinimumVisualStudioVersion = 10.0.40219.1
Project("{9A19103F-16F7-4668-BE54-9A1E7A4F7556}") = "Marktek.Fluent.Testing.Engine", "Engine\Marktek.Fluent.Testing.Engine.csproj", "{14603A28-27BB-43B6-A0D1-DA53FE2ABC38}"
EndProject
Project("{2150E333-8FDC-42A3-9474-1A3956D46DE8}") = "Solution Items", "Solution Items", "{F91BE692-5A00-40EC-96C4-74EBD6FA8EC0}"
	ProjectSection(SolutionItems) = preProject
		Readme.md = Readme.md
	EndProjectSection
EndProject
Project("{FAE04EC0-301F-11D3-BF4B-00C04F79EFBC}") = "Marktek.Fluent.Testing.Engine.Tests", "Marktek.Fluent.Testing.Engine.Tests\Marktek.Fluent.Testing.Engine.Tests.csproj", "{A08313F6-57E8-42EE-BA69-03C759D56416}"
EndProject
Project("{2150E333-8FDC-42A3-9474-1A3956D46DE8}") = "Core", "Core", "{289789C0-C369-4531-9366-4EA27A33B63F}"
EndProject
Project("{9A19103F-16F7-4668-BE54-9A1E7A4F7556}") = "FluidTest.AzureSearch", "Extensions\FluidTest.AzureSearch\FluidTest.AzureSearch.csproj", "{672F9D1D-0359-45B8-AEF7-FA952B0BFD4A}"
EndProject
Project("{2150E333-8FDC-42A3-9474-1A3956D46DE8}") = "Extensions", "Extensions", "{992828CF-6D41-4421-865D-9ABCB10BBDAC}"
EndProject
Project("{9A19103F-16F7-4668-BE54-9A1E7A4F7556}") = "FluidTest.AzureSynapse", "Extensions\FluidTest.AzureSynapse\FluidTest.AzureSynapse.csproj", "{EEC9DF97-9086-4E4A-845E-1A4D3B6B7177}"
EndProject
Project("{9A19103F-16F7-4668-BE54-9A1E7A4F7556}") = "FluidTest.AzureStorage", "Extensions\FluidTest.AzureStorage\FluidTest.AzureStorage.csproj", "{92C60C5F-BFE9-4111-83A6-A57B921AF812}"
EndProject
Project("{9A19103F-16F7-4668-BE54-9A1E7A4F7556}") = "FluidTest.CosmosDB", "Extensions\FluidTest.CosmosDB\FluidTest.CosmosDB.csproj", "{DE030512-C563-4AB7-BB26-542D6BDBDB11}"
EndProject
Project("{9A19103F-16F7-4668-BE54-9A1E7A4F7556}") = "FluidTest.PowerPlatform", "Extensions\FluidTest.PowerPlatform\FluidTest.PowerPlatform.csproj", "{1DDAA6E9-455F-4564-9960-4AAB98423B2A}"
EndProject
Global
	GlobalSection(SolutionConfigurationPlatforms) = preSolution
		Debug|Any CPU = Debug|Any CPU
		Release|Any CPU = Release|Any CPU
	EndGlobalSection
	GlobalSection(ProjectConfigurationPlatforms) = postSolution
		{14603A28-27BB-43B6-A0D1-DA53FE2ABC38}.Debug|Any CPU.ActiveCfg = Debug|Any CPU
		{14603A28-27BB-43B6-A0D1-DA53FE2ABC38}.Debug|Any CPU.Build.0 = Debug|Any CPU
		{14603A28-27BB-43B6-A0D1-DA53FE2ABC38}.Release|Any CPU.ActiveCfg = Release|Any CPU
		{14603A28-27BB-43B6-A0D1-DA53FE2ABC38}.Release|Any CPU.Build.0 = Release|Any CPU
		{A08313F6-57E8-42EE-BA69-03C759D56416}.Debug|Any CPU.ActiveCfg = Debug|Any CPU
		{A08313F6-57E8-42EE-BA69-03C759D56416}.Release|Any CPU.ActiveCfg = Release|Any CPU
		{A08313F6-57E8-42EE-BA69-03C759D56416}.Release|Any CPU.Build.0 = Release|Any CPU
		{672F9D1D-0359-45B8-AEF7-FA952B0BFD4A}.Debug|Any CPU.ActiveCfg = Debug|Any CPU
		{672F9D1D-0359-45B8-AEF7-FA952B0BFD4A}.Debug|Any CPU.Build.0 = Debug|Any CPU
		{672F9D1D-0359-45B8-AEF7-FA952B0BFD4A}.Release|Any CPU.ActiveCfg = Release|Any CPU
		{672F9D1D-0359-45B8-AEF7-FA952B0BFD4A}.Release|Any CPU.Build.0 = Release|Any CPU
		{EEC9DF97-9086-4E4A-845E-1A4D3B6B7177}.Debug|Any CPU.ActiveCfg = Debug|Any CPU
		{EEC9DF97-9086-4E4A-845E-1A4D3B6B7177}.Debug|Any CPU.Build.0 = Debug|Any CPU
		{EEC9DF97-9086-4E4A-845E-1A4D3B6B7177}.Release|Any CPU.ActiveCfg = Release|Any CPU
		{EEC9DF97-9086-4E4A-845E-1A4D3B6B7177}.Release|Any CPU.Build.0 = Release|Any CPU
		{92C60C5F-BFE9-4111-83A6-A57B921AF812}.Debug|Any CPU.ActiveCfg = Debug|Any CPU
		{92C60C5F-BFE9-4111-83A6-A57B921AF812}.Debug|Any CPU.Build.0 = Debug|Any CPU
		{92C60C5F-BFE9-4111-83A6-A57B921AF812}.Release|Any CPU.ActiveCfg = Release|Any CPU
		{92C60C5F-BFE9-4111-83A6-A57B921AF812}.Release|Any CPU.Build.0 = Release|Any CPU
		{DE030512-C563-4AB7-BB26-542D6BDBDB11}.Debug|Any CPU.ActiveCfg = Debug|Any CPU
		{DE030512-C563-4AB7-BB26-542D6BDBDB11}.Debug|Any CPU.Build.0 = Debug|Any CPU
		{DE030512-C563-4AB7-BB26-542D6BDBDB11}.Release|Any CPU.ActiveCfg = Release|Any CPU
		{DE030512-C563-4AB7-BB26-542D6BDBDB11}.Release|Any CPU.Build.0 = Release|Any CPU
		{1DDAA6E9-455F-4564-9960-4AAB98423B2A}.Debug|Any CPU.ActiveCfg = Debug|Any CPU
		{1DDAA6E9-455F-4564-9960-4AAB98423B2A}.Debug|Any CPU.Build.0 = Debug|Any CPU
		{1DDAA6E9-455F-4564-9960-4AAB98423B2A}.Release|Any CPU.ActiveCfg = Release|Any CPU
		{1DDAA6E9-455F-4564-9960-4AAB98423B2A}.Release|Any CPU.Build.0 = Release|Any CPU
	EndGlobalSection
	GlobalSection(SolutionProperties) = preSolution
		HideSolutionNode = FALSE
	EndGlobalSection
	GlobalSection(NestedProjects) = preSolution
		{14603A28-27BB-43B6-A0D1-DA53FE2ABC38} = {289789C0-C369-4531-9366-4EA27A33B63F}
		{672F9D1D-0359-45B8-AEF7-FA952B0BFD4A} = {992828CF-6D41-4421-865D-9ABCB10BBDAC}
		{EEC9DF97-9086-4E4A-845E-1A4D3B6B7177} = {992828CF-6D41-4421-865D-9ABCB10BBDAC}
		{92C60C5F-BFE9-4111-83A6-A57B921AF812} = {992828CF-6D41-4421-865D-9ABCB10BBDAC}
		{DE030512-C563-4AB7-BB26-542D6BDBDB11} = {992828CF-6D41-4421-865D-9ABCB10BBDAC}
		{1DDAA6E9-455F-4564-9960-4AAB98423B2A} = {992828CF-6D41-4421-865D-9ABCB10BBDAC}
	EndGlobalSection
	GlobalSection(ExtensibilityGlobals) = postSolution
		SolutionGuid = {A13D4E99-90C5-4203-8AA0-F78B0C0EEE6E}
	EndGlobalSection
EndGlobal
